// !$*UTF8*$!
{
	archiveVersion = 1;
	classes = {
	};
	objectVersion = 55;
	objects = {

/* Begin PBXBuildFile section */
		BB56E649276657440043DC06 /* AppDelegate.swift in Sources */ = {isa = PBXBuildFile; fileRef = BB56E648276657440043DC06 /* AppDelegate.swift */; };
		BB56E64B276657440043DC06 /* SceneDelegate.swift in Sources */ = {isa = PBXBuildFile; fileRef = BB56E64A276657440043DC06 /* SceneDelegate.swift */; };
		BB56E64D276657440043DC06 /* ExcerciseOverviewViewController.swift in Sources */ = {isa = PBXBuildFile; fileRef = BB56E64C276657440043DC06 /* ExcerciseOverviewViewController.swift */; };
		BB56E652276657460043DC06 /* Assets.xcassets in Resources */ = {isa = PBXBuildFile; fileRef = BB56E651276657460043DC06 /* Assets.xcassets */; };
		BB56E655276657460043DC06 /* LaunchScreen.storyboard in Resources */ = {isa = PBXBuildFile; fileRef = BB56E653276657460043DC06 /* LaunchScreen.storyboard */; };
		BB56E660276657470043DC06 /* KaiaHealthHomeworkTests.swift in Sources */ = {isa = PBXBuildFile; fileRef = BB56E65F276657470043DC06 /* KaiaHealthHomeworkTests.swift */; };
		BB56E67927665A9C0043DC06 /* MainDependencyContainer.swift in Sources */ = {isa = PBXBuildFile; fileRef = BB56E67827665A9C0043DC06 /* MainDependencyContainer.swift */; };
		BB56E67C27665E460043DC06 /* ExcerciseOverviewViewModel.swift in Sources */ = {isa = PBXBuildFile; fileRef = BB56E67B27665E460043DC06 /* ExcerciseOverviewViewModel.swift */; };
		BB56E67F2766624B0043DC06 /* Excercise.swift in Sources */ = {isa = PBXBuildFile; fileRef = BB56E67E2766624B0043DC06 /* Excercise.swift */; };
		BB56E68127666AB80043DC06 /* UITableView+Reusable.swift in Sources */ = {isa = PBXBuildFile; fileRef = BB56E68027666AB80043DC06 /* UITableView+Reusable.swift */; };
		BB56E68427666AD30043DC06 /* UIImageView+URL.swift in Sources */ = {isa = PBXBuildFile; fileRef = BB56E68327666AD30043DC06 /* UIImageView+URL.swift */; };
		BB56E68627666B3E0043DC06 /* Margin.swift in Sources */ = {isa = PBXBuildFile; fileRef = BB56E68527666B3E0043DC06 /* Margin.swift */; };
		BB56E6892766AB510043DC06 /* ExcerciseOverviewCell.swift in Sources */ = {isa = PBXBuildFile; fileRef = BB56E6882766AB510043DC06 /* ExcerciseOverviewCell.swift */; };
		BB56E68C2767ED5D0043DC06 /* FavoriteExcerciseStore.swift in Sources */ = {isa = PBXBuildFile; fileRef = BB56E68B2767ED5D0043DC06 /* FavoriteExcerciseStore.swift */; };
		BB56E68E2767F4660043DC06 /* FavoriteExcerciseRepository.swift in Sources */ = {isa = PBXBuildFile; fileRef = BB56E68D2767F4660043DC06 /* FavoriteExcerciseRepository.swift */; };
		BBB7196C276803D000B2015D /* TrainingViewController.swift in Sources */ = {isa = PBXBuildFile; fileRef = BBB7196B276803D000B2015D /* TrainingViewController.swift */; };
		BBB7196E276806DE00B2015D /* TrainingViewModel.swift in Sources */ = {isa = PBXBuildFile; fileRef = BBB7196D276806DE00B2015D /* TrainingViewModel.swift */; };
/* End PBXBuildFile section */

/* Begin PBXContainerItemProxy section */
		BB56E65C276657470043DC06 /* PBXContainerItemProxy */ = {
			isa = PBXContainerItemProxy;
			containerPortal = BB56E63D276657440043DC06 /* Project object */;
			proxyType = 1;
			remoteGlobalIDString = BB56E644276657440043DC06;
			remoteInfo = KaiaHealthHomework;
		};
/* End PBXContainerItemProxy section */

/* Begin PBXFileReference section */
		BB56E645276657440043DC06 /* KaiaHealthHomework.app */ = {isa = PBXFileReference; explicitFileType = wrapper.application; includeInIndex = 0; path = KaiaHealthHomework.app; sourceTree = BUILT_PRODUCTS_DIR; };
		BB56E648276657440043DC06 /* AppDelegate.swift */ = {isa = PBXFileReference; lastKnownFileType = sourcecode.swift; path = AppDelegate.swift; sourceTree = "<group>"; };
		BB56E64A276657440043DC06 /* SceneDelegate.swift */ = {isa = PBXFileReference; lastKnownFileType = sourcecode.swift; path = SceneDelegate.swift; sourceTree = "<group>"; };
		BB56E64C276657440043DC06 /* ExcerciseOverviewViewController.swift */ = {isa = PBXFileReference; lastKnownFileType = sourcecode.swift; path = ExcerciseOverviewViewController.swift; sourceTree = "<group>"; };
		BB56E651276657460043DC06 /* Assets.xcassets */ = {isa = PBXFileReference; lastKnownFileType = folder.assetcatalog; path = Assets.xcassets; sourceTree = "<group>"; };
		BB56E654276657460043DC06 /* Base */ = {isa = PBXFileReference; lastKnownFileType = file.storyboard; name = Base; path = Base.lproj/LaunchScreen.storyboard; sourceTree = "<group>"; };
		BB56E656276657460043DC06 /* Info.plist */ = {isa = PBXFileReference; lastKnownFileType = text.plist.xml; path = Info.plist; sourceTree = "<group>"; };
		BB56E65B276657470043DC06 /* KaiaHealthHomeworkTests.xctest */ = {isa = PBXFileReference; explicitFileType = wrapper.cfbundle; includeInIndex = 0; path = KaiaHealthHomeworkTests.xctest; sourceTree = BUILT_PRODUCTS_DIR; };
		BB56E65F276657470043DC06 /* KaiaHealthHomeworkTests.swift */ = {isa = PBXFileReference; lastKnownFileType = sourcecode.swift; path = KaiaHealthHomeworkTests.swift; sourceTree = "<group>"; };
		BB56E67827665A9C0043DC06 /* MainDependencyContainer.swift */ = {isa = PBXFileReference; lastKnownFileType = sourcecode.swift; path = MainDependencyContainer.swift; sourceTree = "<group>"; };
		BB56E67B27665E460043DC06 /* ExcerciseOverviewViewModel.swift */ = {isa = PBXFileReference; lastKnownFileType = sourcecode.swift; path = ExcerciseOverviewViewModel.swift; sourceTree = "<group>"; };
		BB56E67E2766624B0043DC06 /* Excercise.swift */ = {isa = PBXFileReference; lastKnownFileType = sourcecode.swift; path = Excercise.swift; sourceTree = "<group>"; };
		BB56E68027666AB80043DC06 /* UITableView+Reusable.swift */ = {isa = PBXFileReference; lastKnownFileType = sourcecode.swift; path = "UITableView+Reusable.swift"; sourceTree = "<group>"; };
		BB56E68327666AD30043DC06 /* UIImageView+URL.swift */ = {isa = PBXFileReference; lastKnownFileType = sourcecode.swift; path = "UIImageView+URL.swift"; sourceTree = "<group>"; };
		BB56E68527666B3E0043DC06 /* Margin.swift */ = {isa = PBXFileReference; lastKnownFileType = sourcecode.swift; path = Margin.swift; sourceTree = "<group>"; };
		BB56E6882766AB510043DC06 /* ExcerciseOverviewCell.swift */ = {isa = PBXFileReference; lastKnownFileType = sourcecode.swift; path = ExcerciseOverviewCell.swift; sourceTree = "<group>"; };
		BB56E68B2767ED5D0043DC06 /* FavoriteExcerciseStore.swift */ = {isa = PBXFileReference; lastKnownFileType = sourcecode.swift; path = FavoriteExcerciseStore.swift; sourceTree = "<group>"; };
		BB56E68D2767F4660043DC06 /* FavoriteExcerciseRepository.swift */ = {isa = PBXFileReference; lastKnownFileType = sourcecode.swift; path = FavoriteExcerciseRepository.swift; sourceTree = "<group>"; };
		BBB7196B276803D000B2015D /* TrainingViewController.swift */ = {isa = PBXFileReference; lastKnownFileType = sourcecode.swift; path = TrainingViewController.swift; sourceTree = "<group>"; };
		BBB7196D276806DE00B2015D /* TrainingViewModel.swift */ = {isa = PBXFileReference; lastKnownFileType = sourcecode.swift; path = TrainingViewModel.swift; sourceTree = "<group>"; };
/* End PBXFileReference section */

/* Begin PBXFrameworksBuildPhase section */
		BB56E642276657440043DC06 /* Frameworks */ = {
			isa = PBXFrameworksBuildPhase;
			buildActionMask = 2147483647;
			files = (
			);
			runOnlyForDeploymentPostprocessing = 0;
		};
		BB56E658276657470043DC06 /* Frameworks */ = {
			isa = PBXFrameworksBuildPhase;
			buildActionMask = 2147483647;
			files = (
			);
			runOnlyForDeploymentPostprocessing = 0;
		};
/* End PBXFrameworksBuildPhase section */

/* Begin PBXGroup section */
		BB56E63C276657440043DC06 = {
			isa = PBXGroup;
			children = (
				BB56E647276657440043DC06 /* KaiaHealthHomework */,
				BB56E65E276657470043DC06 /* KaiaHealthHomeworkTests */,
				BB56E646276657440043DC06 /* Products */,
			);
			sourceTree = "<group>";
		};
		BB56E646276657440043DC06 /* Products */ = {
			isa = PBXGroup;
			children = (
				BB56E645276657440043DC06 /* KaiaHealthHomework.app */,
				BB56E65B276657470043DC06 /* KaiaHealthHomeworkTests.xctest */,
			);
			name = Products;
			sourceTree = "<group>";
		};
		BB56E647276657440043DC06 /* KaiaHealthHomework */ = {
			isa = PBXGroup;
			children = (
				BB56E648276657440043DC06 /* AppDelegate.swift */,
				BB56E64A276657440043DC06 /* SceneDelegate.swift */,
				BB56E67827665A9C0043DC06 /* MainDependencyContainer.swift */,
				BB56E68227666ABB0043DC06 /* helpers */,
				BB56E67D2766623C0043DC06 /* model */,
				BB56E68A2767ED100043DC06 /* service */,
				BBB719682768026300B2015D /* scenes */,
				BB56E651276657460043DC06 /* Assets.xcassets */,
				BB56E653276657460043DC06 /* LaunchScreen.storyboard */,
				BB56E656276657460043DC06 /* Info.plist */,
			);
			path = KaiaHealthHomework;
			sourceTree = "<group>";
		};
		BB56E65E276657470043DC06 /* KaiaHealthHomeworkTests */ = {
			isa = PBXGroup;
			children = (
				BB56E65F276657470043DC06 /* KaiaHealthHomeworkTests.swift */,
			);
			path = KaiaHealthHomeworkTests;
			sourceTree = "<group>";
		};
		BB56E67A27665E0F0043DC06 /* ExcerciseOverview */ = {
			isa = PBXGroup;
			children = (
				BB56E64C276657440043DC06 /* ExcerciseOverviewViewController.swift */,
				BB56E67B27665E460043DC06 /* ExcerciseOverviewViewModel.swift */,
				BB56E6882766AB510043DC06 /* ExcerciseOverviewCell.swift */,
			);
			path = ExcerciseOverview;
			sourceTree = "<group>";
		};
		BB56E67D2766623C0043DC06 /* model */ = {
			isa = PBXGroup;
			children = (
				BB56E67E2766624B0043DC06 /* Excercise.swift */,
			);
			path = model;
			sourceTree = "<group>";
		};
		BB56E68227666ABB0043DC06 /* helpers */ = {
			isa = PBXGroup;
			children = (
				BB56E68027666AB80043DC06 /* UITableView+Reusable.swift */,
				BB56E68527666B3E0043DC06 /* Margin.swift */,
				BB56E68327666AD30043DC06 /* UIImageView+URL.swift */,
			);
			path = helpers;
			sourceTree = "<group>";
		};
		BB56E68A2767ED100043DC06 /* service */ = {
			isa = PBXGroup;
			children = (
				BB56E68B2767ED5D0043DC06 /* FavoriteExcerciseStore.swift */,
				BB56E68D2767F4660043DC06 /* FavoriteExcerciseRepository.swift */,
			);
			path = service;
			sourceTree = "<group>";
		};
		BBB719682768026300B2015D /* scenes */ = {
			isa = PBXGroup;
			children = (
				BBB7196A2768029600B2015D /* ExcerciseDetail */,
				BB56E67A27665E0F0043DC06 /* ExcerciseOverview */,
			);
			path = scenes;
			sourceTree = "<group>";
		};
		BBB7196A2768029600B2015D /* ExcerciseDetail */ = {
			isa = PBXGroup;
			children = (
				BBB7196B276803D000B2015D /* TrainingViewController.swift */,
				BBB7196D276806DE00B2015D /* TrainingViewModel.swift */,
			);
			path = ExcerciseDetail;
			sourceTree = "<group>";
		};
/* End PBXGroup section */

/* Begin PBXNativeTarget section */
		BB56E644276657440043DC06 /* KaiaHealthHomework */ = {
			isa = PBXNativeTarget;
			buildConfigurationList = BB56E66F276657470043DC06 /* Build configuration list for PBXNativeTarget "KaiaHealthHomework" */;
			buildPhases = (
				BB56E641276657440043DC06 /* Sources */,
				BB56E642276657440043DC06 /* Frameworks */,
				BB56E643276657440043DC06 /* Resources */,
			);
			buildRules = (
			);
			dependencies = (
			);
			name = KaiaHealthHomework;
			productName = KaiaHealthHomework;
			productReference = BB56E645276657440043DC06 /* KaiaHealthHomework.app */;
			productType = "com.apple.product-type.application";
		};
		BB56E65A276657470043DC06 /* KaiaHealthHomeworkTests */ = {
			isa = PBXNativeTarget;
			buildConfigurationList = BB56E672276657470043DC06 /* Build configuration list for PBXNativeTarget "KaiaHealthHomeworkTests" */;
			buildPhases = (
				BB56E657276657470043DC06 /* Sources */,
				BB56E658276657470043DC06 /* Frameworks */,
				BB56E659276657470043DC06 /* Resources */,
			);
			buildRules = (
			);
			dependencies = (
				BB56E65D276657470043DC06 /* PBXTargetDependency */,
			);
			name = KaiaHealthHomeworkTests;
			productName = KaiaHealthHomeworkTests;
			productReference = BB56E65B276657470043DC06 /* KaiaHealthHomeworkTests.xctest */;
			productType = "com.apple.product-type.bundle.unit-test";
		};
/* End PBXNativeTarget section */

/* Begin PBXProject section */
		BB56E63D276657440043DC06 /* Project object */ = {
			isa = PBXProject;
			attributes = {
				BuildIndependentTargetsInParallel = 1;
				LastSwiftUpdateCheck = 1310;
				LastUpgradeCheck = 1310;
				TargetAttributes = {
					BB56E644276657440043DC06 = {
						CreatedOnToolsVersion = 13.1;
					};
					BB56E65A276657470043DC06 = {
						CreatedOnToolsVersion = 13.1;
						TestTargetID = BB56E644276657440043DC06;
					};
				};
			};
			buildConfigurationList = BB56E640276657440043DC06 /* Build configuration list for PBXProject "KaiaHealthHomework" */;
			compatibilityVersion = "Xcode 13.0";
			developmentRegion = en;
			hasScannedForEncodings = 0;
			knownRegions = (
				en,
				Base,
			);
			mainGroup = BB56E63C276657440043DC06;
			productRefGroup = BB56E646276657440043DC06 /* Products */;
			projectDirPath = "";
			projectRoot = "";
			targets = (
				BB56E644276657440043DC06 /* KaiaHealthHomework */,
				BB56E65A276657470043DC06 /* KaiaHealthHomeworkTests */,
			);
		};
/* End PBXProject section */

/* Begin PBXResourcesBuildPhase section */
		BB56E643276657440043DC06 /* Resources */ = {
			isa = PBXResourcesBuildPhase;
			buildActionMask = 2147483647;
			files = (
				BB56E655276657460043DC06 /* LaunchScreen.storyboard in Resources */,
				BB56E652276657460043DC06 /* Assets.xcassets in Resources */,
			);
			runOnlyForDeploymentPostprocessing = 0;
		};
		BB56E659276657470043DC06 /* Resources */ = {
			isa = PBXResourcesBuildPhase;
			buildActionMask = 2147483647;
			files = (
			);
			runOnlyForDeploymentPostprocessing = 0;
		};
/* End PBXResourcesBuildPhase section */

/* Begin PBXSourcesBuildPhase section */
		BB56E641276657440043DC06 /* Sources */ = {
			isa = PBXSourcesBuildPhase;
			buildActionMask = 2147483647;
			files = (
				BB56E64D276657440043DC06 /* ExcerciseOverviewViewController.swift in Sources */,
				BB56E67F2766624B0043DC06 /* Excercise.swift in Sources */,
				BB56E6892766AB510043DC06 /* ExcerciseOverviewCell.swift in Sources */,
				BB56E68627666B3E0043DC06 /* Margin.swift in Sources */,
				BB56E68427666AD30043DC06 /* UIImageView+URL.swift in Sources */,
				BB56E67C27665E460043DC06 /* ExcerciseOverviewViewModel.swift in Sources */,
				BB56E649276657440043DC06 /* AppDelegate.swift in Sources */,
				BBB7196C276803D000B2015D /* TrainingViewController.swift in Sources */,
				BBB7196E276806DE00B2015D /* TrainingViewModel.swift in Sources */,
				BB56E64B276657440043DC06 /* SceneDelegate.swift in Sources */,
				BB56E68C2767ED5D0043DC06 /* FavoriteExcerciseStore.swift in Sources */,
				BB56E68E2767F4660043DC06 /* FavoriteExcerciseRepository.swift in Sources */,
				BB56E67927665A9C0043DC06 /* MainDependencyContainer.swift in Sources */,
				BB56E68127666AB80043DC06 /* UITableView+Reusable.swift in Sources */,
			);
			runOnlyForDeploymentPostprocessing = 0;
		};
		BB56E657276657470043DC06 /* Sources */ = {
			isa = PBXSourcesBuildPhase;
			buildActionMask = 2147483647;
			files = (
				BB56E660276657470043DC06 /* KaiaHealthHomeworkTests.swift in Sources */,
			);
			runOnlyForDeploymentPostprocessing = 0;
		};
/* End PBXSourcesBuildPhase section */

/* Begin PBXTargetDependency section */
		BB56E65D276657470043DC06 /* PBXTargetDependency */ = {
			isa = PBXTargetDependency;
			target = BB56E644276657440043DC06 /* KaiaHealthHomework */;
			targetProxy = BB56E65C276657470043DC06 /* PBXContainerItemProxy */;
		};
/* End PBXTargetDependency section */

/* Begin PBXVariantGroup section */
		BB56E653276657460043DC06 /* LaunchScreen.storyboard */ = {
			isa = PBXVariantGroup;
			children = (
				BB56E654276657460043DC06 /* Base */,
			);
			name = LaunchScreen.storyboard;
			sourceTree = "<group>";
		};
/* End PBXVariantGroup section */

/* Begin XCBuildConfiguration section */
		BB56E66D276657470043DC06 /* Debug */ = {
			isa = XCBuildConfiguration;
			buildSettings = {
				ALWAYS_SEARCH_USER_PATHS = NO;
				CLANG_ANALYZER_NONNULL = YES;
				CLANG_ANALYZER_NUMBER_OBJECT_CONVERSION = YES_AGGRESSIVE;
				CLANG_CXX_LANGUAGE_STANDARD = "gnu++17";
				CLANG_CXX_LIBRARY = "libc++";
				CLANG_ENABLE_MODULES = YES;
				CLANG_ENABLE_OBJC_ARC = YES;
				CLANG_ENABLE_OBJC_WEAK = YES;
				CLANG_WARN_BLOCK_CAPTURE_AUTORELEASING = YES;
				CLANG_WARN_BOOL_CONVERSION = YES;
				CLANG_WARN_COMMA = YES;
				CLANG_WARN_CONSTANT_CONVERSION = YES;
				CLANG_WARN_DEPRECATED_OBJC_IMPLEMENTATIONS = YES;
				CLANG_WARN_DIRECT_OBJC_ISA_USAGE = YES_ERROR;
				CLANG_WARN_DOCUMENTATION_COMMENTS = YES;
				CLANG_WARN_EMPTY_BODY = YES;
				CLANG_WARN_ENUM_CONVERSION = YES;
				CLANG_WARN_INFINITE_RECURSION = YES;
				CLANG_WARN_INT_CONVERSION = YES;
				CLANG_WARN_NON_LITERAL_NULL_CONVERSION = YES;
				CLANG_WARN_OBJC_IMPLICIT_RETAIN_SELF = YES;
				CLANG_WARN_OBJC_LITERAL_CONVERSION = YES;
				CLANG_WARN_OBJC_ROOT_CLASS = YES_ERROR;
				CLANG_WARN_QUOTED_INCLUDE_IN_FRAMEWORK_HEADER = YES;
				CLANG_WARN_RANGE_LOOP_ANALYSIS = YES;
				CLANG_WARN_STRICT_PROTOTYPES = YES;
				CLANG_WARN_SUSPICIOUS_MOVE = YES;
				CLANG_WARN_UNGUARDED_AVAILABILITY = YES_AGGRESSIVE;
				CLANG_WARN_UNREACHABLE_CODE = YES;
				CLANG_WARN__DUPLICATE_METHOD_MATCH = YES;
				COPY_PHASE_STRIP = NO;
				DEBUG_INFORMATION_FORMAT = dwarf;
				ENABLE_STRICT_OBJC_MSGSEND = YES;
				ENABLE_TESTABILITY = YES;
				GCC_C_LANGUAGE_STANDARD = gnu11;
				GCC_DYNAMIC_NO_PIC = NO;
				GCC_NO_COMMON_BLOCKS = YES;
				GCC_OPTIMIZATION_LEVEL = 0;
				GCC_PREPROCESSOR_DEFINITIONS = (
					"DEBUG=1",
					"$(inherited)",
				);
				GCC_WARN_64_TO_32_BIT_CONVERSION = YES;
				GCC_WARN_ABOUT_RETURN_TYPE = YES_ERROR;
				GCC_WARN_UNDECLARED_SELECTOR = YES;
				GCC_WARN_UNINITIALIZED_AUTOS = YES_AGGRESSIVE;
				GCC_WARN_UNUSED_FUNCTION = YES;
				GCC_WARN_UNUSED_VARIABLE = YES;
				IPHONEOS_DEPLOYMENT_TARGET = 15.0;
				MTL_ENABLE_DEBUG_INFO = INCLUDE_SOURCE;
				MTL_FAST_MATH = YES;
				ONLY_ACTIVE_ARCH = YES;
				SDKROOT = iphoneos;
				SWIFT_ACTIVE_COMPILATION_CONDITIONS = DEBUG;
				SWIFT_OPTIMIZATION_LEVEL = "-Onone";
			};
			name = Debug;
		};
		BB56E66E276657470043DC06 /* Release */ = {
			isa = XCBuildConfiguration;
			buildSettings = {
				ALWAYS_SEARCH_USER_PATHS = NO;
				CLANG_ANALYZER_NONNULL = YES;
				CLANG_ANALYZER_NUMBER_OBJECT_CONVERSION = YES_AGGRESSIVE;
				CLANG_CXX_LANGUAGE_STANDARD = "gnu++17";
				CLANG_CXX_LIBRARY = "libc++";
				CLANG_ENABLE_MODULES = YES;
				CLANG_ENABLE_OBJC_ARC = YES;
				CLANG_ENABLE_OBJC_WEAK = YES;
				CLANG_WARN_BLOCK_CAPTURE_AUTORELEASING = YES;
				CLANG_WARN_BOOL_CONVERSION = YES;
				CLANG_WARN_COMMA = YES;
				CLANG_WARN_CONSTANT_CONVERSION = YES;
				CLANG_WARN_DEPRECATED_OBJC_IMPLEMENTATIONS = YES;
				CLANG_WARN_DIRECT_OBJC_ISA_USAGE = YES_ERROR;
				CLANG_WARN_DOCUMENTATION_COMMENTS = YES;
				CLANG_WARN_EMPTY_BODY = YES;
				CLANG_WARN_ENUM_CONVERSION = YES;
				CLANG_WARN_INFINITE_RECURSION = YES;
				CLANG_WARN_INT_CONVERSION = YES;
				CLANG_WARN_NON_LITERAL_NULL_CONVERSION = YES;
				CLANG_WARN_OBJC_IMPLICIT_RETAIN_SELF = YES;
				CLANG_WARN_OBJC_LITERAL_CONVERSION = YES;
				CLANG_WARN_OBJC_ROOT_CLASS = YES_ERROR;
				CLANG_WARN_QUOTED_INCLUDE_IN_FRAMEWORK_HEADER = YES;
				CLANG_WARN_RANGE_LOOP_ANALYSIS = YES;
				CLANG_WARN_STRICT_PROTOTYPES = YES;
				CLANG_WARN_SUSPICIOUS_MOVE = YES;
				CLANG_WARN_UNGUARDED_AVAILABILITY = YES_AGGRESSIVE;
				CLANG_WARN_UNREACHABLE_CODE = YES;
				CLANG_WARN__DUPLICATE_METHOD_MATCH = YES;
				COPY_PHASE_STRIP = NO;
				DEBUG_INFORMATION_FORMAT = "dwarf-with-dsym";
				ENABLE_NS_ASSERTIONS = NO;
				ENABLE_STRICT_OBJC_MSGSEND = YES;
				GCC_C_LANGUAGE_STANDARD = gnu11;
				GCC_NO_COMMON_BLOCKS = YES;
				GCC_WARN_64_TO_32_BIT_CONVERSION = YES;
				GCC_WARN_ABOUT_RETURN_TYPE = YES_ERROR;
				GCC_WARN_UNDECLARED_SELECTOR = YES;
				GCC_WARN_UNINITIALIZED_AUTOS = YES_AGGRESSIVE;
				GCC_WARN_UNUSED_FUNCTION = YES;
				GCC_WARN_UNUSED_VARIABLE = YES;
				IPHONEOS_DEPLOYMENT_TARGET = 15.0;
				MTL_ENABLE_DEBUG_INFO = NO;
				MTL_FAST_MATH = YES;
				SDKROOT = iphoneos;
				SWIFT_COMPILATION_MODE = wholemodule;
				SWIFT_OPTIMIZATION_LEVEL = "-O";
				VALIDATE_PRODUCT = YES;
			};
			name = Release;
		};
		BB56E670276657470043DC06 /* Debug */ = {
			isa = XCBuildConfiguration;
			buildSettings = {
				ASSETCATALOG_COMPILER_APPICON_NAME = AppIcon;
				ASSETCATALOG_COMPILER_GLOBAL_ACCENT_COLOR_NAME = AccentColor;
				CODE_SIGN_STYLE = Automatic;
				CURRENT_PROJECT_VERSION = 1;
				DEVELOPMENT_TEAM = C2W6KTW2SR;
				GENERATE_INFOPLIST_FILE = YES;
				INFOPLIST_FILE = KaiaHealthHomework/Info.plist;
				INFOPLIST_KEY_UIApplicationSupportsIndirectInputEvents = YES;
				INFOPLIST_KEY_UILaunchStoryboardName = LaunchScreen;
				INFOPLIST_KEY_UISupportedInterfaceOrientations_iPad = "UIInterfaceOrientationPortrait UIInterfaceOrientationPortraitUpsideDown UIInterfaceOrientationLandscapeLeft UIInterfaceOrientationLandscapeRight";
				INFOPLIST_KEY_UISupportedInterfaceOrientations_iPhone = "UIInterfaceOrientationPortrait UIInterfaceOrientationLandscapeLeft UIInterfaceOrientationLandscapeRight";
				IPHONEOS_DEPLOYMENT_TARGET = 15.0;
				LD_RUNPATH_SEARCH_PATHS = (
					"$(inherited)",
					"@executable_path/Frameworks",
				);
				MARKETING_VERSION = 1.0;
				PRODUCT_BUNDLE_IDENTIFIER = com.kuba.KaiaHealthHomework;
				PRODUCT_NAME = "$(TARGET_NAME)";
				SWIFT_EMIT_LOC_STRINGS = YES;
				SWIFT_VERSION = 5.0;
				TARGETED_DEVICE_FAMILY = "1,2";
			};
			name = Debug;
		};
		BB56E671276657470043DC06 /* Release */ = {
			isa = XCBuildConfiguration;
			buildSettings = {
				ASSETCATALOG_COMPILER_APPICON_NAME = AppIcon;
				ASSETCATALOG_COMPILER_GLOBAL_ACCENT_COLOR_NAME = AccentColor;
				CODE_SIGN_STYLE = Automatic;
				CURRENT_PROJECT_VERSION = 1;
				DEVELOPMENT_TEAM = C2W6KTW2SR;
				GENERATE_INFOPLIST_FILE = YES;
				INFOPLIST_FILE = KaiaHealthHomework/Info.plist;
				INFOPLIST_KEY_UIApplicationSupportsIndirectInputEvents = YES;
				INFOPLIST_KEY_UILaunchStoryboardName = LaunchScreen;
				INFOPLIST_KEY_UISupportedInterfaceOrientations_iPad = "UIInterfaceOrientationPortrait UIInterfaceOrientationPortraitUpsideDown UIInterfaceOrientationLandscapeLeft UIInterfaceOrientationLandscapeRight";
				INFOPLIST_KEY_UISupportedInterfaceOrientations_iPhone = "UIInterfaceOrientationPortrait UIInterfaceOrientationLandscapeLeft UIInterfaceOrientationLandscapeRight";
				IPHONEOS_DEPLOYMENT_TARGET = 15.0;
				LD_RUNPATH_SEARCH_PATHS = (
					"$(inherited)",
					"@executable_path/Frameworks",
				);
				MARKETING_VERSION = 1.0;
				PRODUCT_BUNDLE_IDENTIFIER = com.kuba.KaiaHealthHomework;
				PRODUCT_NAME = "$(TARGET_NAME)";
				SWIFT_EMIT_LOC_STRINGS = YES;
				SWIFT_VERSION = 5.0;
				TARGETED_DEVICE_FAMILY = "1,2";
			};
			name = Release;
		};
		BB56E673276657470043DC06 /* Debug */ = {
			isa = XCBuildConfiguration;
			buildSettings = {
				ALWAYS_EMBED_SWIFT_STANDARD_LIBRARIES = YES;
				BUNDLE_LOADER = "$(TEST_HOST)";
				CODE_SIGN_STYLE = Automatic;
				CURRENT_PROJECT_VERSION = 1;
				DEVELOPMENT_TEAM = C2W6KTW2SR;
				GENERATE_INFOPLIST_FILE = YES;
				IPHONEOS_DEPLOYMENT_TARGET = 15.0;
				LD_RUNPATH_SEARCH_PATHS = (
					"$(inherited)",
					"@executable_path/Frameworks",
					"@loader_path/Frameworks",
				);
				MARKETING_VERSION = 1.0;
				PRODUCT_BUNDLE_IDENTIFIER = com.kuba.KaiaHealthHomeworkTests;
				PRODUCT_NAME = "$(TARGET_NAME)";
				SWIFT_EMIT_LOC_STRINGS = NO;
				SWIFT_VERSION = 5.0;
				TARGETED_DEVICE_FAMILY = "1,2";
				TEST_HOST = "$(BUILT_PRODUCTS_DIR)/KaiaHealthHomework.app/KaiaHealthHomework";
			};
			name = Debug;
		};
		BB56E674276657470043DC06 /* Release */ = {
			isa = XCBuildConfiguration;
			buildSettings = {
				ALWAYS_EMBED_SWIFT_STANDARD_LIBRARIES = YES;
				BUNDLE_LOADER = "$(TEST_HOST)";
				CODE_SIGN_STYLE = Automatic;
				CURRENT_PROJECT_VERSION = 1;
				DEVELOPMENT_TEAM = C2W6KTW2SR;
				GENERATE_INFOPLIST_FILE = YES;
				IPHONEOS_DEPLOYMENT_TARGET = 15.0;
				LD_RUNPATH_SEARCH_PATHS = (
					"$(inherited)",
					"@executable_path/Frameworks",
					"@loader_path/Frameworks",
				);
				MARKETING_VERSION = 1.0;
				PRODUCT_BUNDLE_IDENTIFIER = com.kuba.KaiaHealthHomeworkTests;
				PRODUCT_NAME = "$(TARGET_NAME)";
				SWIFT_EMIT_LOC_STRINGS = NO;
				SWIFT_VERSION = 5.0;
				TARGETED_DEVICE_FAMILY = "1,2";
				TEST_HOST = "$(BUILT_PRODUCTS_DIR)/KaiaHealthHomework.app/KaiaHealthHomework";
			};
			name = Release;
		};
/* End XCBuildConfiguration section */

/* Begin XCConfigurationList section */
		BB56E640276657440043DC06 /* Build configuration list for PBXProject "KaiaHealthHomework" */ = {
			isa = XCConfigurationList;
			buildConfigurations = (
				BB56E66D276657470043DC06 /* Debug */,
				BB56E66E276657470043DC06 /* Release */,
			);
			defaultConfigurationIsVisible = 0;
			defaultConfigurationName = Release;
		};
		BB56E66F276657470043DC06 /* Build configuration list for PBXNativeTarget "KaiaHealthHomework" */ = {
			isa = XCConfigurationList;
			buildConfigurations = (
				BB56E670276657470043DC06 /* Debug */,
				BB56E671276657470043DC06 /* Release */,
			);
			defaultConfigurationIsVisible = 0;
			defaultConfigurationName = Release;
		};
		BB56E672276657470043DC06 /* Build configuration list for PBXNativeTarget "KaiaHealthHomeworkTests" */ = {
			isa = XCConfigurationList;
			buildConfigurations = (
				BB56E673276657470043DC06 /* Debug */,
				BB56E674276657470043DC06 /* Release */,
			);
			defaultConfigurationIsVisible = 0;
			defaultConfigurationName = Release;
		};
/* End XCConfigurationList section */
	};
	rootObject = BB56E63D276657440043DC06 /* Project object */;
}
